{
  "name": "test",
  "lockfileVersion": 2,
  "requires": true,
  "packages": {
    "": {
      "dependencies": {
        "dat.gui": "^0.7.7",
        "gsap": "^3.9.1",
        "three": "^0.137.5"
      }
    },
    "node_modules/dat.gui": {
      "version": "0.7.7",
      "resolved": "https://registry.npmjs.org/dat.gui/-/dat.gui-0.7.7.tgz",
      "integrity": "sha512-sRl/28gF/XRC5ywC9I4zriATTsQcpSsRG7seXCPnTkK8/EQMIbCu5NPMpICLGxX9ZEUvcXR3ArLYCtgreFoMDw=="
    },
    "node_modules/gsap": {
      "version": "3.9.1",
      "resolved": "https://registry.npmjs.org/gsap/-/gsap-3.9.1.tgz",
      "integrity": "sha512-JSGVYoC6da4pIjdF/yxFU6Rz8OojOIDkbooveZlfNg0+JIoFoRruyfWAEi6R/gUeNcuOiTqUIb0gi1nCNrHf8w=="
    },
    "node_modules/three": {
      "version": "0.137.5",
      "resolved": "https://registry.npmjs.org/three/-/three-0.137.5.tgz",
      "integrity": "sha512-rTyr+HDFxjnN8+N/guZjDgfVxgHptZQpf6xfL/Mo7a5JYIFwK6tAq3bzxYYB4Ae0RosDZlDuP+X5aXDXz+XnHQ=="
    }
  },
  "dependencies": {
    "dat.gui": {
      "version": "0.7.7",
      "resolved": "https://registry.npmjs.org/dat.gui/-/dat.gui-0.7.7.tgz",
      "integrity": "sha512-sRl/28gF/XRC5ywC9I4zriATTsQcpSsRG7seXCPnTkK8/EQMIbCu5NPMpICLGxX9ZEUvcXR3ArLYCtgreFoMDw=="
    },
    "gsap": {
      "version": "3.9.1",
      "resolved": "https://registry.npmjs.org/gsap/-/gsap-3.9.1.tgz",
      "integrity": "sha512-JSGVYoC6da4pIjdF/yxFU6Rz8OojOIDkbooveZlfNg0+JIoFoRruyfWAEi6R/gUeNcuOiTqUIb0gi1nCNrHf8w=="
    },
    "three": {
      "version": "0.137.5",
      "resolved": "https://registry.npmjs.org/three/-/three-0.137.5.tgz",
      "integrity": "sha512-rTyr+HDFxjnN8+N/guZjDgfVxgHptZQpf6xfL/Mo7a5JYIFwK6tAq3bzxYYB4Ae0RosDZlDuP+X5aXDXz+XnHQ=="
    }
  }
}
